// !$*UTF8*$!
{
	archiveVersion = 1;
	classes = {
	};
	objectVersion = 55;
	objects = {

/* Begin PBXBuildFile section */
		E4ED1A05286C71B000B967C5 /* SpiricaApp.swift in Sources */ = {isa = PBXBuildFile; fileRef = E4ED1A04286C71B000B967C5 /* SpiricaApp.swift */; };
		E4ED1A07286C71B000B967C5 /* ContentView.swift in Sources */ = {isa = PBXBuildFile; fileRef = E4ED1A06286C71B000B967C5 /* ContentView.swift */; };
		E4ED1A09286C71B200B967C5 /* Assets.xcassets in Resources */ = {isa = PBXBuildFile; fileRef = E4ED1A08286C71B200B967C5 /* Assets.xcassets */; };
		E4ED1A0C286C71B200B967C5 /* Preview Assets.xcassets in Resources */ = {isa = PBXBuildFile; fileRef = E4ED1A0B286C71B200B967C5 /* Preview Assets.xcassets */; };
		E4ED1A2F286C71E600B967C5 /* 1 - OKQuickStartView.swift in Sources */ = {isa = PBXBuildFile; fileRef = E4ED1A16286C71E600B967C5 /* 1 - OKQuickStartView.swift */; };
		E4ED1A30286C71E600B967C5 /* 6B - PlayScene.swift in Sources */ = {isa = PBXBuildFile; fileRef = E4ED1A19286C71E600B967C5 /* 6B - PlayScene.swift */; };
		E4ED1A31286C71E600B967C5 /* 6A - PlayState.swift in Sources */ = {isa = PBXBuildFile; fileRef = E4ED1A1A286C71E600B967C5 /* 6A - PlayState.swift */; };
		E4ED1A32286C71E600B967C5 /* 6C - PlayUI.swift in Sources */ = {isa = PBXBuildFile; fileRef = E4ED1A1B286C71E600B967C5 /* 6C - PlayUI.swift */; };
		E4ED1A33286C71E600B967C5 /* 7 - PausedState.swift in Sources */ = {isa = PBXBuildFile; fileRef = E4ED1A1D286C71E600B967C5 /* 7 - PausedState.swift */; };
		E4ED1A34286C71E600B967C5 /* 5C - TitleUI.swift in Sources */ = {isa = PBXBuildFile; fileRef = E4ED1A1F286C71E600B967C5 /* 5C - TitleUI.swift */; };
		E4ED1A35286C71E600B967C5 /* 5B - TitleScene.swift in Sources */ = {isa = PBXBuildFile; fileRef = E4ED1A20286C71E600B967C5 /* 5B - TitleScene.swift */; };
		E4ED1A36286C71E600B967C5 /* 5A - TitleState.swift in Sources */ = {isa = PBXBuildFile; fileRef = E4ED1A21286C71E600B967C5 /* 5A - TitleState.swift */; };
		E4ED1A37286C71E600B967C5 /* 4 - LogoState.swift in Sources */ = {isa = PBXBuildFile; fileRef = E4ED1A23286C71E600B967C5 /* 4 - LogoState.swift */; };
		E4ED1A38286C71E600B967C5 /* 8 - GameOverState.swift in Sources */ = {isa = PBXBuildFile; fileRef = E4ED1A25286C71E600B967C5 /* 8 - GameOverState.swift */; };
		E4ED1A39286C71E600B967C5 /* OSSpecificViewModifiers.swift in Sources */ = {isa = PBXBuildFile; fileRef = E4ED1A27286C71E600B967C5 /* OSSpecificViewModifiers.swift */; };
		E4ED1A3A286C71E600B967C5 /* ButtonStyles.swift in Sources */ = {isa = PBXBuildFile; fileRef = E4ED1A28286C71E600B967C5 /* ButtonStyles.swift */; };
		E4ED1A3B286C71E600B967C5 /* GlobalDataComponent.swift in Sources */ = {isa = PBXBuildFile; fileRef = E4ED1A2A286C71E600B967C5 /* GlobalDataComponent.swift */; };
		E4ED1A3C286C71E600B967C5 /* NodeSpawnerComponent.swift in Sources */ = {isa = PBXBuildFile; fileRef = E4ED1A2B286C71E600B967C5 /* NodeSpawnerComponent.swift */; };
		E4ED1A3D286C71E600B967C5 /* TitleEffectsComponent.swift in Sources */ = {isa = PBXBuildFile; fileRef = E4ED1A2C286C71E600B967C5 /* TitleEffectsComponent.swift */; };
		E4ED1A3E286C71E600B967C5 /* 3 - MyGameViewController.swift in Sources */ = {isa = PBXBuildFile; fileRef = E4ED1A2D286C71E600B967C5 /* 3 - MyGameViewController.swift */; };
		E4ED1A3F286C71E600B967C5 /* 2 - MyGameCoordinator.swift in Sources */ = {isa = PBXBuildFile; fileRef = E4ED1A2E286C71E600B967C5 /* 2 - MyGameCoordinator.swift */; };
		E4ED1A44286C7A1C00B967C5 /* OctopusKit in Frameworks */ = {isa = PBXBuildFile; productRef = E4ED1A43286C7A1C00B967C5 /* OctopusKit */; };
/* End PBXBuildFile section */

/* Begin PBXFileReference section */
		E4ED1A01286C71B000B967C5 /* Spirica.app */ = {isa = PBXFileReference; explicitFileType = wrapper.application; includeInIndex = 0; path = Spirica.app; sourceTree = BUILT_PRODUCTS_DIR; };
		E4ED1A04286C71B000B967C5 /* SpiricaApp.swift */ = {isa = PBXFileReference; lastKnownFileType = sourcecode.swift; path = SpiricaApp.swift; sourceTree = "<group>"; };
		E4ED1A06286C71B000B967C5 /* ContentView.swift */ = {isa = PBXFileReference; lastKnownFileType = sourcecode.swift; path = ContentView.swift; sourceTree = "<group>"; };
		E4ED1A08286C71B200B967C5 /* Assets.xcassets */ = {isa = PBXFileReference; lastKnownFileType = folder.assetcatalog; path = Assets.xcassets; sourceTree = "<group>"; };
		E4ED1A0B286C71B200B967C5 /* Preview Assets.xcassets */ = {isa = PBXFileReference; lastKnownFileType = folder.assetcatalog; path = "Preview Assets.xcassets"; sourceTree = "<group>"; };
		E4ED1A16286C71E600B967C5 /* 1 - OKQuickStartView.swift */ = {isa = PBXFileReference; fileEncoding = 4; lastKnownFileType = sourcecode.swift; path = "1 - OKQuickStartView.swift"; sourceTree = "<group>"; };
		E4ED1A19286C71E600B967C5 /* 6B - PlayScene.swift */ = {isa = PBXFileReference; fileEncoding = 4; lastKnownFileType = sourcecode.swift; path = "6B - PlayScene.swift"; sourceTree = "<group>"; };
		E4ED1A1A286C71E600B967C5 /* 6A - PlayState.swift */ = {isa = PBXFileReference; fileEncoding = 4; lastKnownFileType = sourcecode.swift; path = "6A - PlayState.swift"; sourceTree = "<group>"; };
		E4ED1A1B286C71E600B967C5 /* 6C - PlayUI.swift */ = {isa = PBXFileReference; fileEncoding = 4; lastKnownFileType = sourcecode.swift; path = "6C - PlayUI.swift"; sourceTree = "<group>"; };
		E4ED1A1D286C71E600B967C5 /* 7 - PausedState.swift */ = {isa = PBXFileReference; fileEncoding = 4; lastKnownFileType = sourcecode.swift; path = "7 - PausedState.swift"; sourceTree = "<group>"; };
		E4ED1A1F286C71E600B967C5 /* 5C - TitleUI.swift */ = {isa = PBXFileReference; fileEncoding = 4; lastKnownFileType = sourcecode.swift; path = "5C - TitleUI.swift"; sourceTree = "<group>"; };
		E4ED1A20286C71E600B967C5 /* 5B - TitleScene.swift */ = {isa = PBXFileReference; fileEncoding = 4; lastKnownFileType = sourcecode.swift; path = "5B - TitleScene.swift"; sourceTree = "<group>"; };
		E4ED1A21286C71E600B967C5 /* 5A - TitleState.swift */ = {isa = PBXFileReference; fileEncoding = 4; lastKnownFileType = sourcecode.swift; path = "5A - TitleState.swift"; sourceTree = "<group>"; };
		E4ED1A23286C71E600B967C5 /* 4 - LogoState.swift */ = {isa = PBXFileReference; fileEncoding = 4; lastKnownFileType = sourcecode.swift; path = "4 - LogoState.swift"; sourceTree = "<group>"; };
		E4ED1A25286C71E600B967C5 /* 8 - GameOverState.swift */ = {isa = PBXFileReference; fileEncoding = 4; lastKnownFileType = sourcecode.swift; path = "8 - GameOverState.swift"; sourceTree = "<group>"; };
		E4ED1A27286C71E600B967C5 /* OSSpecificViewModifiers.swift */ = {isa = PBXFileReference; fileEncoding = 4; lastKnownFileType = sourcecode.swift; path = OSSpecificViewModifiers.swift; sourceTree = "<group>"; };
		E4ED1A28286C71E600B967C5 /* ButtonStyles.swift */ = {isa = PBXFileReference; fileEncoding = 4; lastKnownFileType = sourcecode.swift; path = ButtonStyles.swift; sourceTree = "<group>"; };
		E4ED1A2A286C71E600B967C5 /* GlobalDataComponent.swift */ = {isa = PBXFileReference; fileEncoding = 4; lastKnownFileType = sourcecode.swift; path = GlobalDataComponent.swift; sourceTree = "<group>"; };
		E4ED1A2B286C71E600B967C5 /* NodeSpawnerComponent.swift */ = {isa = PBXFileReference; fileEncoding = 4; lastKnownFileType = sourcecode.swift; path = NodeSpawnerComponent.swift; sourceTree = "<group>"; };
		E4ED1A2C286C71E600B967C5 /* TitleEffectsComponent.swift */ = {isa = PBXFileReference; fileEncoding = 4; lastKnownFileType = sourcecode.swift; path = TitleEffectsComponent.swift; sourceTree = "<group>"; };
		E4ED1A2D286C71E600B967C5 /* 3 - MyGameViewController.swift */ = {isa = PBXFileReference; fileEncoding = 4; lastKnownFileType = sourcecode.swift; path = "3 - MyGameViewController.swift"; sourceTree = "<group>"; };
		E4ED1A2E286C71E600B967C5 /* 2 - MyGameCoordinator.swift */ = {isa = PBXFileReference; fileEncoding = 4; lastKnownFileType = sourcecode.swift; path = "2 - MyGameCoordinator.swift"; sourceTree = "<group>"; };
		E4ED1A41286C79E000B967C5 /* octopuskit */ = {isa = PBXFileReference; lastKnownFileType = wrapper; name = octopuskit; path = ../../octopuskit; sourceTree = "<group>"; };
/* End PBXFileReference section */

/* Begin PBXFrameworksBuildPhase section */
		E4ED19FE286C71B000B967C5 /* Frameworks */ = {
			isa = PBXFrameworksBuildPhase;
			buildActionMask = 2147483647;
			files = (
				E4ED1A44286C7A1C00B967C5 /* OctopusKit in Frameworks */,
			);
			runOnlyForDeploymentPostprocessing = 0;
		};
/* End PBXFrameworksBuildPhase section */

/* Begin PBXGroup section */
		E4ED19F8286C71B000B967C5 = {
			isa = PBXGroup;
			children = (
				E4ED1A40286C79E000B967C5 /* Packages */,
				E4ED1A03286C71B000B967C5 /* Spirica */,
				E4ED1A02286C71B000B967C5 /* Products */,
				E4ED1A42286C7A1C00B967C5 /* Frameworks */,
			);
			sourceTree = "<group>";
		};
		E4ED1A02286C71B000B967C5 /* Products */ = {
			isa = PBXGroup;
			children = (
				E4ED1A01286C71B000B967C5 /* Spirica.app */,
			);
			name = Products;
			sourceTree = "<group>";
		};
		E4ED1A03286C71B000B967C5 /* Spirica */ = {
			isa = PBXGroup;
			children = (
				E4ED1A15286C71E600B967C5 /* OKQuickStart */,
				E4ED1A04286C71B000B967C5 /* SpiricaApp.swift */,
				E4ED1A06286C71B000B967C5 /* ContentView.swift */,
				E4ED1A08286C71B200B967C5 /* Assets.xcassets */,
				E4ED1A0A286C71B200B967C5 /* Preview Content */,
			);
			path = Spirica;
			sourceTree = "<group>";
		};
		E4ED1A0A286C71B200B967C5 /* Preview Content */ = {
			isa = PBXGroup;
			children = (
				E4ED1A0B286C71B200B967C5 /* Preview Assets.xcassets */,
			);
			path = "Preview Content";
			sourceTree = "<group>";
		};
		E4ED1A15286C71E600B967C5 /* OKQuickStart */ = {
			isa = PBXGroup;
			children = (
				E4ED1A16286C71E600B967C5 /* 1 - OKQuickStartView.swift */,
				E4ED1A2E286C71E600B967C5 /* 2 - MyGameCoordinator.swift */,
				E4ED1A2D286C71E600B967C5 /* 3 - MyGameViewController.swift */,
				E4ED1A17286C71E600B967C5 /* Game States */,
				E4ED1A26286C71E600B967C5 /* Shared UI */,
				E4ED1A29286C71E600B967C5 /* Components */,
			);
			path = OKQuickStart;
			sourceTree = "<group>";
		};
		E4ED1A17286C71E600B967C5 /* Game States */ = {
			isa = PBXGroup;
			children = (
				E4ED1A18286C71E600B967C5 /* 6 - PlayState */,
				E4ED1A1C286C71E600B967C5 /* 7 - PausedState */,
				E4ED1A1E286C71E600B967C5 /* 5 - TitleState */,
				E4ED1A22286C71E600B967C5 /* 4 - LogoState */,
				E4ED1A24286C71E600B967C5 /* 8 - GameOverState */,
			);
			path = "Game States";
			sourceTree = "<group>";
		};
		E4ED1A18286C71E600B967C5 /* 6 - PlayState */ = {
			isa = PBXGroup;
			children = (
				E4ED1A19286C71E600B967C5 /* 6B - PlayScene.swift */,
				E4ED1A1A286C71E600B967C5 /* 6A - PlayState.swift */,
				E4ED1A1B286C71E600B967C5 /* 6C - PlayUI.swift */,
			);
			path = "6 - PlayState";
			sourceTree = "<group>";
		};
		E4ED1A1C286C71E600B967C5 /* 7 - PausedState */ = {
			isa = PBXGroup;
			children = (
				E4ED1A1D286C71E600B967C5 /* 7 - PausedState.swift */,
			);
			path = "7 - PausedState";
			sourceTree = "<group>";
		};
		E4ED1A1E286C71E600B967C5 /* 5 - TitleState */ = {
			isa = PBXGroup;
			children = (
				E4ED1A1F286C71E600B967C5 /* 5C - TitleUI.swift */,
				E4ED1A20286C71E600B967C5 /* 5B - TitleScene.swift */,
				E4ED1A21286C71E600B967C5 /* 5A - TitleState.swift */,
			);
			path = "5 - TitleState";
			sourceTree = "<group>";
		};
		E4ED1A22286C71E600B967C5 /* 4 - LogoState */ = {
			isa = PBXGroup;
			children = (
				E4ED1A23286C71E600B967C5 /* 4 - LogoState.swift */,
			);
			path = "4 - LogoState";
			sourceTree = "<group>";
		};
		E4ED1A24286C71E600B967C5 /* 8 - GameOverState */ = {
			isa = PBXGroup;
			children = (
				E4ED1A25286C71E600B967C5 /* 8 - GameOverState.swift */,
			);
			path = "8 - GameOverState";
			sourceTree = "<group>";
		};
		E4ED1A26286C71E600B967C5 /* Shared UI */ = {
			isa = PBXGroup;
			children = (
				E4ED1A27286C71E600B967C5 /* OSSpecificViewModifiers.swift */,
				E4ED1A28286C71E600B967C5 /* ButtonStyles.swift */,
			);
			path = "Shared UI";
			sourceTree = "<group>";
		};
		E4ED1A29286C71E600B967C5 /* Components */ = {
			isa = PBXGroup;
			children = (
				E4ED1A2A286C71E600B967C5 /* GlobalDataComponent.swift */,
				E4ED1A2B286C71E600B967C5 /* NodeSpawnerComponent.swift */,
				E4ED1A2C286C71E600B967C5 /* TitleEffectsComponent.swift */,
			);
			path = Components;
			sourceTree = "<group>";
		};
		E4ED1A40286C79E000B967C5 /* Packages */ = {
			isa = PBXGroup;
			children = (
				E4ED1A41286C79E000B967C5 /* octopuskit */,
			);
			name = Packages;
			sourceTree = "<group>";
		};
		E4ED1A42286C7A1C00B967C5 /* Frameworks */ = {
			isa = PBXGroup;
			children = (
			);
			name = Frameworks;
			sourceTree = "<group>";
		};
/* End PBXGroup section */

/* Begin PBXNativeTarget section */
		E4ED1A00286C71B000B967C5 /* Spirica */ = {
			isa = PBXNativeTarget;
			buildConfigurationList = E4ED1A0F286C71B200B967C5 /* Build configuration list for PBXNativeTarget "Spirica" */;
			buildPhases = (
				E4ED19FD286C71B000B967C5 /* Sources */,
				E4ED19FE286C71B000B967C5 /* Frameworks */,
				E4ED19FF286C71B000B967C5 /* Resources */,
			);
			buildRules = (
			);
			dependencies = (
			);
			name = Spirica;
			packageProductDependencies = (
				E4ED1A43286C7A1C00B967C5 /* OctopusKit */,
			);
			productName = Spirica;
			productReference = E4ED1A01286C71B000B967C5 /* Spirica.app */;
			productType = "com.apple.product-type.application";
		};
/* End PBXNativeTarget section */

/* Begin PBXProject section */
		E4ED19F9286C71B000B967C5 /* Project object */ = {
			isa = PBXProject;
			attributes = {
				BuildIndependentTargetsInParallel = 1;
				LastSwiftUpdateCheck = 1340;
				LastUpgradeCheck = 1340;
				TargetAttributes = {
					E4ED1A00286C71B000B967C5 = {
						CreatedOnToolsVersion = 13.4;
					};
				};
			};
			buildConfigurationList = E4ED19FC286C71B000B967C5 /* Build configuration list for PBXProject "Spirica" */;
			compatibilityVersion = "Xcode 13.0";
			developmentRegion = en;
			hasScannedForEncodings = 0;
			knownRegions = (
				en,
				Base,
			);
			mainGroup = E4ED19F8286C71B000B967C5;
			packageReferences = (
				E4ED1A12286C71D100B967C5 /* XCRemoteSwiftPackageReference "octopuskit" */,
			);
			productRefGroup = E4ED1A02286C71B000B967C5 /* Products */;
			projectDirPath = "";
			projectRoot = "";
			targets = (
				E4ED1A00286C71B000B967C5 /* Spirica */,
			);
		};
/* End PBXProject section */

/* Begin PBXResourcesBuildPhase section */
		E4ED19FF286C71B000B967C5 /* Resources */ = {
			isa = PBXResourcesBuildPhase;
			buildActionMask = 2147483647;
			files = (
				E4ED1A0C286C71B200B967C5 /* Preview Assets.xcassets in Resources */,
				E4ED1A09286C71B200B967C5 /* Assets.xcassets in Resources */,
			);
			runOnlyForDeploymentPostprocessing = 0;
		};
/* End PBXResourcesBuildPhase section */

/* Begin PBXSourcesBuildPhase section */
		E4ED19FD286C71B000B967C5 /* Sources */ = {
			isa = PBXSourcesBuildPhase;
			buildActionMask = 2147483647;
			files = (
				E4ED1A30286C71E600B967C5 /* 6B - PlayScene.swift in Sources */,
				E4ED1A07286C71B000B967C5 /* ContentView.swift in Sources */,
				E4ED1A34286C71E600B967C5 /* 5C - TitleUI.swift in Sources */,
				E4ED1A2F286C71E600B967C5 /* 1 - OKQuickStartView.swift in Sources */,
				E4ED1A35286C71E600B967C5 /* 5B - TitleScene.swift in Sources */,
				E4ED1A3D286C71E600B967C5 /* TitleEffectsComponent.swift in Sources */,
				E4ED1A31286C71E600B967C5 /* 6A - PlayState.swift in Sources */,
				E4ED1A3F286C71E600B967C5 /* 2 - MyGameCoordinator.swift in Sources */,
				E4ED1A38286C71E600B967C5 /* 8 - GameOverState.swift in Sources */,
				E4ED1A3E286C71E600B967C5 /* 3 - MyGameViewController.swift in Sources */,
				E4ED1A3B286C71E600B967C5 /* GlobalDataComponent.swift in Sources */,
				E4ED1A37286C71E600B967C5 /* 4 - LogoState.swift in Sources */,
				E4ED1A32286C71E600B967C5 /* 6C - PlayUI.swift in Sources */,
				E4ED1A05286C71B000B967C5 /* SpiricaApp.swift in Sources */,
				E4ED1A39286C71E600B967C5 /* OSSpecificViewModifiers.swift in Sources */,
				E4ED1A3A286C71E600B967C5 /* ButtonStyles.swift in Sources */,
				E4ED1A36286C71E600B967C5 /* 5A - TitleState.swift in Sources */,
				E4ED1A3C286C71E600B967C5 /* NodeSpawnerComponent.swift in Sources */,
				E4ED1A33286C71E600B967C5 /* 7 - PausedState.swift in Sources */,
			);
			runOnlyForDeploymentPostprocessing = 0;
		};
/* End PBXSourcesBuildPhase section */

/* Begin XCBuildConfiguration section */
		E4ED1A0D286C71B200B967C5 /* Debug */ = {
			isa = XCBuildConfiguration;
			buildSettings = {
				ALWAYS_SEARCH_USER_PATHS = NO;
				CLANG_ANALYZER_NONNULL = YES;
				CLANG_ANALYZER_NUMBER_OBJECT_CONVERSION = YES_AGGRESSIVE;
				CLANG_CXX_LANGUAGE_STANDARD = "gnu++17";
				CLANG_ENABLE_MODULES = YES;
				CLANG_ENABLE_OBJC_ARC = YES;
				CLANG_ENABLE_OBJC_WEAK = YES;
				CLANG_WARN_BLOCK_CAPTURE_AUTORELEASING = YES;
				CLANG_WARN_BOOL_CONVERSION = YES;
				CLANG_WARN_COMMA = YES;
				CLANG_WARN_CONSTANT_CONVERSION = YES;
				CLANG_WARN_DEPRECATED_OBJC_IMPLEMENTATIONS = YES;
				CLANG_WARN_DIRECT_OBJC_ISA_USAGE = YES_ERROR;
				CLANG_WARN_DOCUMENTATION_COMMENTS = YES;
				CLANG_WARN_EMPTY_BODY = YES;
				CLANG_WARN_ENUM_CONVERSION = YES;
				CLANG_WARN_INFINITE_RECURSION = YES;
				CLANG_WARN_INT_CONVERSION = YES;
				CLANG_WARN_NON_LITERAL_NULL_CONVERSION = YES;
				CLANG_WARN_OBJC_IMPLICIT_RETAIN_SELF = YES;
				CLANG_WARN_OBJC_LITERAL_CONVERSION = YES;
				CLANG_WARN_OBJC_ROOT_CLASS = YES_ERROR;
				CLANG_WARN_QUOTED_INCLUDE_IN_FRAMEWORK_HEADER = YES;
				CLANG_WARN_RANGE_LOOP_ANALYSIS = YES;
				CLANG_WARN_STRICT_PROTOTYPES = YES;
				CLANG_WARN_SUSPICIOUS_MOVE = YES;
				CLANG_WARN_UNGUARDED_AVAILABILITY = YES_AGGRESSIVE;
				CLANG_WARN_UNREACHABLE_CODE = YES;
				CLANG_WARN__DUPLICATE_METHOD_MATCH = YES;
				COPY_PHASE_STRIP = NO;
				DEBUG_INFORMATION_FORMAT = dwarf;
				ENABLE_STRICT_OBJC_MSGSEND = YES;
				ENABLE_TESTABILITY = YES;
				GCC_C_LANGUAGE_STANDARD = gnu11;
				GCC_DYNAMIC_NO_PIC = NO;
				GCC_NO_COMMON_BLOCKS = YES;
				GCC_OPTIMIZATION_LEVEL = 0;
				GCC_PREPROCESSOR_DEFINITIONS = (
					"DEBUG=1",
					"$(inherited)",
				);
				GCC_WARN_64_TO_32_BIT_CONVERSION = YES;
				GCC_WARN_ABOUT_RETURN_TYPE = YES_ERROR;
				GCC_WARN_UNDECLARED_SELECTOR = YES;
				GCC_WARN_UNINITIALIZED_AUTOS = YES_AGGRESSIVE;
				GCC_WARN_UNUSED_FUNCTION = YES;
				GCC_WARN_UNUSED_VARIABLE = YES;
				IPHONEOS_DEPLOYMENT_TARGET = 15.5;
				MTL_ENABLE_DEBUG_INFO = INCLUDE_SOURCE;
				MTL_FAST_MATH = YES;
				ONLY_ACTIVE_ARCH = YES;
				SDKROOT = iphoneos;
				SWIFT_ACTIVE_COMPILATION_CONDITIONS = DEBUG;
				SWIFT_OPTIMIZATION_LEVEL = "-Onone";
			};
			name = Debug;
		};
		E4ED1A0E286C71B200B967C5 /* Release */ = {
			isa = XCBuildConfiguration;
			buildSettings = {
				ALWAYS_SEARCH_USER_PATHS = NO;
				CLANG_ANALYZER_NONNULL = YES;
				CLANG_ANALYZER_NUMBER_OBJECT_CONVERSION = YES_AGGRESSIVE;
				CLANG_CXX_LANGUAGE_STANDARD = "gnu++17";
				CLANG_ENABLE_MODULES = YES;
				CLANG_ENABLE_OBJC_ARC = YES;
				CLANG_ENABLE_OBJC_WEAK = YES;
				CLANG_WARN_BLOCK_CAPTURE_AUTORELEASING = YES;
				CLANG_WARN_BOOL_CONVERSION = YES;
				CLANG_WARN_COMMA = YES;
				CLANG_WARN_CONSTANT_CONVERSION = YES;
				CLANG_WARN_DEPRECATED_OBJC_IMPLEMENTATIONS = YES;
				CLANG_WARN_DIRECT_OBJC_ISA_USAGE = YES_ERROR;
				CLANG_WARN_DOCUMENTATION_COMMENTS = YES;
				CLANG_WARN_EMPTY_BODY = YES;
				CLANG_WARN_ENUM_CONVERSION = YES;
				CLANG_WARN_INFINITE_RECURSION = YES;
				CLANG_WARN_INT_CONVERSION = YES;
				CLANG_WARN_NON_LITERAL_NULL_CONVERSION = YES;
				CLANG_WARN_OBJC_IMPLICIT_RETAIN_SELF = YES;
				CLANG_WARN_OBJC_LITERAL_CONVERSION = YES;
				CLANG_WARN_OBJC_ROOT_CLASS = YES_ERROR;
				CLANG_WARN_QUOTED_INCLUDE_IN_FRAMEWORK_HEADER = YES;
				CLANG_WARN_RANGE_LOOP_ANALYSIS = YES;
				CLANG_WARN_STRICT_PROTOTYPES = YES;
				CLANG_WARN_SUSPICIOUS_MOVE = YES;
				CLANG_WARN_UNGUARDED_AVAILABILITY = YES_AGGRESSIVE;
				CLANG_WARN_UNREACHABLE_CODE = YES;
				CLANG_WARN__DUPLICATE_METHOD_MATCH = YES;
				COPY_PHASE_STRIP = NO;
				DEBUG_INFORMATION_FORMAT = "dwarf-with-dsym";
				ENABLE_NS_ASSERTIONS = NO;
				ENABLE_STRICT_OBJC_MSGSEND = YES;
				GCC_C_LANGUAGE_STANDARD = gnu11;
				GCC_NO_COMMON_BLOCKS = YES;
				GCC_WARN_64_TO_32_BIT_CONVERSION = YES;
				GCC_WARN_ABOUT_RETURN_TYPE = YES_ERROR;
				GCC_WARN_UNDECLARED_SELECTOR = YES;
				GCC_WARN_UNINITIALIZED_AUTOS = YES_AGGRESSIVE;
				GCC_WARN_UNUSED_FUNCTION = YES;
				GCC_WARN_UNUSED_VARIABLE = YES;
				IPHONEOS_DEPLOYMENT_TARGET = 15.5;
				MTL_ENABLE_DEBUG_INFO = NO;
				MTL_FAST_MATH = YES;
				SDKROOT = iphoneos;
				SWIFT_COMPILATION_MODE = wholemodule;
				SWIFT_OPTIMIZATION_LEVEL = "-O";
				VALIDATE_PRODUCT = YES;
			};
			name = Release;
		};
		E4ED1A10286C71B200B967C5 /* Debug */ = {
			isa = XCBuildConfiguration;
			buildSettings = {
				ASSETCATALOG_COMPILER_APPICON_NAME = AppIcon;
				ASSETCATALOG_COMPILER_GLOBAL_ACCENT_COLOR_NAME = AccentColor;
				CODE_SIGN_STYLE = Automatic;
				CURRENT_PROJECT_VERSION = 1;
				DEVELOPMENT_ASSET_PATHS = "\"Spirica/Preview Content\"";
				DEVELOPMENT_TEAM = P3XHPGJ3P8;
				ENABLE_PREVIEWS = YES;
				GENERATE_INFOPLIST_FILE = YES;
				INFOPLIST_KEY_UIApplicationSceneManifest_Generation = YES;
				INFOPLIST_KEY_UIApplicationSupportsIndirectInputEvents = YES;
				INFOPLIST_KEY_UILaunchScreen_Generation = YES;
				INFOPLIST_KEY_UISupportedInterfaceOrientations_iPad = "UIInterfaceOrientationPortrait UIInterfaceOrientationPortraitUpsideDown UIInterfaceOrientationLandscapeLeft UIInterfaceOrientationLandscapeRight";
				INFOPLIST_KEY_UISupportedInterfaceOrientations_iPhone = "UIInterfaceOrientationPortrait UIInterfaceOrientationLandscapeLeft UIInterfaceOrientationLandscapeRight";
				LD_RUNPATH_SEARCH_PATHS = (
					"$(inherited)",
					"@executable_path/Frameworks",
				);
				MARKETING_VERSION = 1.0;
				PRODUCT_BUNDLE_IDENTIFIER = shirley.Spirica;
				PRODUCT_NAME = "$(TARGET_NAME)";
				SWIFT_EMIT_LOC_STRINGS = YES;
				SWIFT_VERSION = 5.0;
				TARGETED_DEVICE_FAMILY = "1,2";
			};
			name = Debug;
		};
		E4ED1A11286C71B200B967C5 /* Release */ = {
			isa = XCBuildConfiguration;
			buildSettings = {
				ASSETCATALOG_COMPILER_APPICON_NAME = AppIcon;
				ASSETCATALOG_COMPILER_GLOBAL_ACCENT_COLOR_NAME = AccentColor;
				CODE_SIGN_STYLE = Automatic;
				CURRENT_PROJECT_VERSION = 1;
				DEVELOPMENT_ASSET_PATHS = "\"Spirica/Preview Content\"";
				DEVELOPMENT_TEAM = P3XHPGJ3P8;
				ENABLE_PREVIEWS = YES;
				GENERATE_INFOPLIST_FILE = YES;
				INFOPLIST_KEY_UIApplicationSceneManifest_Generation = YES;
				INFOPLIST_KEY_UIApplicationSupportsIndirectInputEvents = YES;
				INFOPLIST_KEY_UILaunchScreen_Generation = YES;
				INFOPLIST_KEY_UISupportedInterfaceOrientations_iPad = "UIInterfaceOrientationPortrait UIInterfaceOrientationPortraitUpsideDown UIInterfaceOrientationLandscapeLeft UIInterfaceOrientationLandscapeRight";
				INFOPLIST_KEY_UISupportedInterfaceOrientations_iPhone = "UIInterfaceOrientationPortrait UIInterfaceOrientationLandscapeLeft UIInterfaceOrientationLandscapeRight";
				LD_RUNPATH_SEARCH_PATHS = (
					"$(inherited)",
					"@executable_path/Frameworks",
				);
				MARKETING_VERSION = 1.0;
				PRODUCT_BUNDLE_IDENTIFIER = shirley.Spirica;
				PRODUCT_NAME = "$(TARGET_NAME)";
				SWIFT_EMIT_LOC_STRINGS = YES;
				SWIFT_VERSION = 5.0;
				TARGETED_DEVICE_FAMILY = "1,2";
			};
			name = Release;
		};
/* End XCBuildConfiguration section */

/* Begin XCConfigurationList section */
		E4ED19FC286C71B000B967C5 /* Build configuration list for PBXProject "Spirica" */ = {
			isa = XCConfigurationList;
			buildConfigurations = (
				E4ED1A0D286C71B200B967C5 /* Debug */,
				E4ED1A0E286C71B200B967C5 /* Release */,
			);
			defaultConfigurationIsVisible = 0;
			defaultConfigurationName = Release;
		};
		E4ED1A0F286C71B200B967C5 /* Build configuration list for PBXNativeTarget "Spirica" */ = {
			isa = XCConfigurationList;
			buildConfigurations = (
				E4ED1A10286C71B200B967C5 /* Debug */,
				E4ED1A11286C71B200B967C5 /* Release */,
			);
			defaultConfigurationIsVisible = 0;
			defaultConfigurationName = Release;
		};
/* End XCConfigurationList section */

/* Begin XCRemoteSwiftPackageReference section */
		E4ED1A12286C71D100B967C5 /* XCRemoteSwiftPackageReference "octopuskit" */ = {
			isa = XCRemoteSwiftPackageReference;
			repositoryURL = "https://github.com/invadingoctopus/octopuskit";
			requirement = {
				branch = develop;
				kind = branch;
			};
		};
/* End XCRemoteSwiftPackageReference section */

/* Begin XCSwiftPackageProductDependency section */
		E4ED1A43286C7A1C00B967C5 /* OctopusKit */ = {
			isa = XCSwiftPackageProductDependency;
			productName = OctopusKit;
		};
/* End XCSwiftPackageProductDependency section */
	};
	rootObject = E4ED19F9286C71B000B967C5 /* Project object */;
}
